
Microsoft Visual Studio Solution File, Format Version 12.00
# Visual Studio Version 17
VisualStudioVersion = 17.5.33516.290
MinimumVisualStudioVersion = 10.0.40219.1
Project("{FAE04EC0-301F-11D3-BF4B-00C04F79EFBC}") = "Brincando", "ConsoleApp1\Brincando.csproj", "{61E7E9BF-24D4-462E-A886-43274EC87964}"
EndProject
Global
	GlobalSection(SolutionConfigurationPlatforms) = preSolution
		Debug|Any CPU = Debug|Any CPU
		Release|Any CPU = Release|Any CPU
	EndGlobalSection
	GlobalSection(ProjectConfigurationPlatforms) = postSolution
		{61E7E9BF-24D4-462E-A886-43274EC87964}.Debug|Any CPU.ActiveCfg = Debug|Any CPU
		{61E7E9BF-24D4-462E-A886-43274EC87964}.Debug|Any CPU.Build.0 = Debug|Any CPU
		{61E7E9BF-24D4-462E-A886-43274EC87964}.Release|Any CPU.ActiveCfg = Release|Any CPU
		{61E7E9BF-24D4-462E-A886-43274EC87964}.Release|Any CPU.Build.0 = Release|Any CPU
	EndGlobalSection
	GlobalSection(SolutionProperties) = preSolution
		HideSolutionNode = FALSE
	EndGlobalSection
	GlobalSection(ExtensibilityGlobals) = postSolution
		SolutionGuid = {EE3EA219-6B4A-41A2-9A5E-52F9A42B3091}
	EndGlobalSection
EndGlobal
